
Microsoft Visual Studio Solution File, Format Version 12.00
# Visual Studio Version 17
VisualStudioVersion = 17.12.35514.174
MinimumVisualStudioVersion = 10.0.40219.1
Project("{888888A0-9F3D-457C-B088-3A5042F75D52}") = "Process_Opti_UniPy", "Process_Opti_UniPy.pyproj", "{859F96B3-8F9F-4CFD-AD5D-452D270AEA2F}"
EndProject
Global
	GlobalSection(SolutionConfigurationPlatforms) = preSolution
		Debug|Any CPU = Debug|Any CPU
		exe|Any CPU = exe|Any CPU
		Release|Any CPU = Release|Any CPU
	EndGlobalSection
	GlobalSection(ProjectConfigurationPlatforms) = postSolution
		{859F96B3-8F9F-4CFD-AD5D-452D270AEA2F}.Debug|Any CPU.ActiveCfg = Debug|Any CPU
		{859F96B3-8F9F-4CFD-AD5D-452D270AEA2F}.exe|Any CPU.ActiveCfg = Release|Any CPU
		{859F96B3-8F9F-4CFD-AD5D-452D270AEA2F}.Release|Any CPU.ActiveCfg = Release|Any CPU
	EndGlobalSection
	GlobalSection(SolutionProperties) = preSolution
		HideSolutionNode = FALSE
	EndGlobalSection
EndGlobal
